# This file is automatically @generated by Cargo.
# It is not intended for manual editing.
version = 3

[[package]]
name = "attribute"
version = "0.1.0"

[[package]]
name = "declarative"
version = "0.1.0"

[[package]]
name = "derive"
version = "0.1.0"

[[package]]
name = "function"
version = "0.1.0"
